{
  "nodes": {
    "home-manager": {
      "inputs": {
        "nixpkgs": [
          "nixpkgs"
        ],
        "utils": "utils"
      },
      "locked": {
        "lastModified": 1677533640,
        "narHash": "sha256-FHbqVw5q0Xi0Lep30+FyoAKAkXVMK+G1NLMq5pGVbuY=",
        "owner": "nix-community",
        "repo": "home-manager",
        "rev": "550809881b9792c20adbc0bbf6a090b4035ebaca",
        "type": "github"
      },
      "original": {
        "owner": "nix-community",
        "ref": "release-22.11",
        "repo": "home-manager",
        "type": "github"
      }
    },
    "maybe-qtcreator": {
      "locked": {
        "lastModified": 1633744019,
        "narHash": "sha256-skHrL1dJ7GkQwyVieowKWEErg/vWQNpavD3zaDkjKGE=",
        "owner": "Artturin",
        "repo": "nixpkgs",
        "rev": "2e523a3b38aa498942103e3957adef16ad697247",
        "type": "github"
      },
      "original": {
        "owner": "Artturin",
        "repo": "nixpkgs",
        "rev": "2e523a3b38aa498942103e3957adef16ad697247",
        "type": "github"
      }
    },
    "nixpkgs": {
      "locked": {
        "lastModified": 1677543769,
        "narHash": "sha256-LwbqS8vGisXl2WHpK9r5+kodr0zoIT8F2YB0R4y1TsA=",
        "owner": "NixOS",
        "repo": "nixpkgs",
        "rev": "b26d52c9feb6476580016e78935cbf96eb3e2115",
        "type": "github"
      },
      "original": {
        "owner": "NixOS",
        "ref": "nixos-22.11",
        "repo": "nixpkgs",
        "type": "github"
      }
    },
    "pinned-unstable-calibre": {
      "locked": {
        "lastModified": 1665920649,
        "narHash": "sha256-UbQM3c4T4ZHLGobrDc72cGVvqlA92FJ4044I393IiY8=",
        "owner": "nixos",
        "repo": "nixpkgs",
        "rev": "1657c3114e93d380dc54441a8ae2ecdf5840ab31",
        "type": "github"
      },
      "original": {
        "owner": "nixos",
        "repo": "nixpkgs",
        "rev": "1657c3114e93d380dc54441a8ae2ecdf5840ab31",
        "type": "github"
      }
    },
    "pinned-unstable-discord": {
      "locked": {
        "lastModified": 1667317463,
        "narHash": "sha256-9MtO36H+F7XpYCKbqF51VPEdg8kSe1f28ekrfcm9YT0=",
        "owner": "nixos",
        "repo": "nixpkgs",
        "rev": "eeca5969b3f42ac943639aaec503816f053e5e53",
        "type": "github"
      },
      "original": {
        "owner": "nixos",
        "repo": "nixpkgs",
        "rev": "eeca5969b3f42ac943639aaec503816f053e5e53",
        "type": "github"
      }
    },
    "pinned-unstable-piper": {
      "locked": {
        "lastModified": 1661689996,
        "narHash": "sha256-kw4ZheiVoNkgpcf5XRRnSTUpR98+tYUCbpJO8asR1vE=",
        "owner": "nixos",
        "repo": "nixpkgs",
        "rev": "d92383b18de4ec74807e740054ff00e2a3b8bcd9",
        "type": "github"
      },
      "original": {
        "owner": "nixos",
        "repo": "nixpkgs",
        "rev": "d92383b18de4ec74807e740054ff00e2a3b8bcd9",
        "type": "github"
      }
    },
    "pinned-unstable-tdesktop": {
      "locked": {
        "lastModified": 1665923326,
        "narHash": "sha256-EsK9OEOkJRZYhmpkT6bL14ShEc7uDPFFW791pewnXu4=",
        "owner": "nixos",
        "repo": "nixpkgs",
        "rev": "910b2be5ac08264311123d3add6d81e8e6fd05b8",
        "type": "github"
      },
      "original": {
        "owner": "nixos",
        "repo": "nixpkgs",
        "rev": "910b2be5ac08264311123d3add6d81e8e6fd05b8",
        "type": "github"
      }
    },
    "pinned-unstable-vscode": {
      "locked": {
        "lastModified": 1675988701,
        "narHash": "sha256-xO+8Lq9QaujAS7XQVr21s+0NWvSa/V5OKIZyPSXJ4ak=",
        "owner": "nixos",
        "repo": "nixpkgs",
        "rev": "47301c257adf2e479d9ef810d92aa1aa2a7df0b5",
        "type": "github"
      },
      "original": {
        "owner": "nixos",
        "repo": "nixpkgs",
        "rev": "47301c257adf2e479d9ef810d92aa1aa2a7df0b5",
        "type": "github"
      }
    },
    "root": {
      "inputs": {
        "home-manager": "home-manager",
        "maybe-qtcreator": "maybe-qtcreator",
        "nixpkgs": "nixpkgs",
        "pinned-unstable-calibre": "pinned-unstable-calibre",
        "pinned-unstable-discord": "pinned-unstable-discord",
        "pinned-unstable-piper": "pinned-unstable-piper",
        "pinned-unstable-tdesktop": "pinned-unstable-tdesktop",
        "pinned-unstable-vscode": "pinned-unstable-vscode"
      }
    },
    "utils": {
      "locked": {
        "lastModified": 1667395993,
        "narHash": "sha256-nuEHfE/LcWyuSWnS8t12N1wc105Qtau+/OdUAjtQ0rA=",
        "owner": "numtide",
        "repo": "flake-utils",
        "rev": "5aed5285a952e0b949eb3ba02c12fa4fcfef535f",
        "type": "github"
      },
      "original": {
        "owner": "numtide",
        "repo": "flake-utils",
        "type": "github"
      }
    }
  },
  "root": "root",
  "version": 7
}
